
Microsoft Visual Studio Solution File, Format Version 12.00
# Visual Studio Version 16
VisualStudioVersion = 16.0.29709.97
MinimumVisualStudioVersion = 10.0.40219.1
Project("{FAE04EC0-301F-11D3-BF4B-00C04F79EFBC}") = "DevBuild2020_Assessment5", "DevBuild2020_Assessment5\DevBuild2020_Assessment5.csproj", "{6025377A-AC49-4214-BA4A-5DD24C588D3B}"
EndProject
Global
	GlobalSection(SolutionConfigurationPlatforms) = preSolution
		Debug|Any CPU = Debug|Any CPU
		Release|Any CPU = Release|Any CPU
	EndGlobalSection
	GlobalSection(ProjectConfigurationPlatforms) = postSolution
		{6025377A-AC49-4214-BA4A-5DD24C588D3B}.Debug|Any CPU.ActiveCfg = Debug|Any CPU
		{6025377A-AC49-4214-BA4A-5DD24C588D3B}.Debug|Any CPU.Build.0 = Debug|Any CPU
		{6025377A-AC49-4214-BA4A-5DD24C588D3B}.Release|Any CPU.ActiveCfg = Release|Any CPU
		{6025377A-AC49-4214-BA4A-5DD24C588D3B}.Release|Any CPU.Build.0 = Release|Any CPU
	EndGlobalSection
	GlobalSection(SolutionProperties) = preSolution
		HideSolutionNode = FALSE
	EndGlobalSection
	GlobalSection(ExtensibilityGlobals) = postSolution
		SolutionGuid = {16785F2C-F2BA-4CC3-BFF8-067D46A8DCD2}
	EndGlobalSection
EndGlobal
